
Microsoft Visual Studio Solution File, Format Version 12.00
# Visual Studio Version 17
VisualStudioVersion = 17.12.35707.178 d17.12
MinimumVisualStudioVersion = 10.0.40219.1
Project("{8BC9CEB8-8B4A-11D0-8D11-00A0C91BC942}") = "JoyShockLibrary", "JoyShockLibrary\JoyShockLibrary.vcxproj", "{BE325923-2EDC-4B77-B478-18143FAECEEC}"
EndProject
Project("{FAE04EC0-301F-11D3-BF4B-00C04F79EFBC}") = "JoyShockLibrarySharp", "JoyShockLibrarySharp\JoyShockLibrarySharp.csproj", "{7DA8322B-D33B-41D4-90B2-41E4F5881802}"
EndProject
Global
	GlobalSection(SolutionConfigurationPlatforms) = preSolution
		Debug|Any CPU = Debug|Any CPU
		Debug|x64 = Debug|x64
		Debug|x86 = Debug|x86
		Release|Any CPU = Release|Any CPU
		Release|x64 = Release|x64
		Release|x86 = Release|x86
	EndGlobalSection
	GlobalSection(ProjectConfigurationPlatforms) = postSolution
		{BE325923-2EDC-4B77-B478-18143FAECEEC}.Debug|Any CPU.ActiveCfg = Debug|x64
		{BE325923-2EDC-4B77-B478-18143FAECEEC}.Debug|Any CPU.Build.0 = Debug|x64
		{BE325923-2EDC-4B77-B478-18143FAECEEC}.Debug|x64.ActiveCfg = Debug|x64
		{BE325923-2EDC-4B77-B478-18143FAECEEC}.Debug|x64.Build.0 = Debug|x64
		{BE325923-2EDC-4B77-B478-18143FAECEEC}.Debug|x86.ActiveCfg = Debug|Win32
		{BE325923-2EDC-4B77-B478-18143FAECEEC}.Debug|x86.Build.0 = Debug|Win32
		{BE325923-2EDC-4B77-B478-18143FAECEEC}.Release|Any CPU.ActiveCfg = Release|x64
		{BE325923-2EDC-4B77-B478-18143FAECEEC}.Release|Any CPU.Build.0 = Release|x64
		{BE325923-2EDC-4B77-B478-18143FAECEEC}.Release|x64.ActiveCfg = Release|x64
		{BE325923-2EDC-4B77-B478-18143FAECEEC}.Release|x64.Build.0 = Release|x64
		{BE325923-2EDC-4B77-B478-18143FAECEEC}.Release|x86.ActiveCfg = Release|Win32
		{BE325923-2EDC-4B77-B478-18143FAECEEC}.Release|x86.Build.0 = Release|Win32
		{7DA8322B-D33B-41D4-90B2-41E4F5881802}.Debug|Any CPU.ActiveCfg = Debug|Any CPU
		{7DA8322B-D33B-41D4-90B2-41E4F5881802}.Debug|Any CPU.Build.0 = Debug|Any CPU
		{7DA8322B-D33B-41D4-90B2-41E4F5881802}.Debug|x64.ActiveCfg = Debug|Any CPU
		{7DA8322B-D33B-41D4-90B2-41E4F5881802}.Debug|x64.Build.0 = Debug|Any CPU
		{7DA8322B-D33B-41D4-90B2-41E4F5881802}.Debug|x86.ActiveCfg = Debug|Any CPU
		{7DA8322B-D33B-41D4-90B2-41E4F5881802}.Debug|x86.Build.0 = Debug|Any CPU
		{7DA8322B-D33B-41D4-90B2-41E4F5881802}.Release|Any CPU.ActiveCfg = Release|Any CPU
		{7DA8322B-D33B-41D4-90B2-41E4F5881802}.Release|Any CPU.Build.0 = Release|Any CPU
		{7DA8322B-D33B-41D4-90B2-41E4F5881802}.Release|x64.ActiveCfg = Release|Any CPU
		{7DA8322B-D33B-41D4-90B2-41E4F5881802}.Release|x64.Build.0 = Release|Any CPU
		{7DA8322B-D33B-41D4-90B2-41E4F5881802}.Release|x86.ActiveCfg = Release|Any CPU
		{7DA8322B-D33B-41D4-90B2-41E4F5881802}.Release|x86.Build.0 = Release|Any CPU
	EndGlobalSection
	GlobalSection(SolutionProperties) = preSolution
		HideSolutionNode = FALSE
	EndGlobalSection
	GlobalSection(ExtensibilityGlobals) = postSolution
		SolutionGuid = {F518103C-A927-48B4-9202-B55DDBEE58A4}
	EndGlobalSection
EndGlobal
