
Microsoft Visual Studio Solution File, Format Version 12.00
# Visual Studio Version 17
VisualStudioVersion = 17.13.35913.81 d17.13
MinimumVisualStudioVersion = 10.0.40219.1
Project("{2150E333-8FDC-42A3-9474-1A3956D46DE8}") = "CMakePredefinedTargets", "CMakePredefinedTargets", "{5E72AD1C-FF67-360E-860E-723A71F342AB}"
EndProject
Project("{8BC9CEB8-8B4A-11D0-8D11-00A0C91BC942}") = "ALL_BUILD", "ALL_BUILD.vcxproj", "{D9F7599D-085A-3371-AAB5-A0AC24311B44}"
	ProjectSection(ProjectDependencies) = postProject
		{351D813F-B7B3-3784-B26C-C795E56F8972} = {351D813F-B7B3-3784-B26C-C795E56F8972}
		{DE20D62A-D643-3536-8E59-D61B9FB8DCD8} = {DE20D62A-D643-3536-8E59-D61B9FB8DCD8}
		{71C52096-3C8A-31CB-A252-6985B6AF8707} = {71C52096-3C8A-31CB-A252-6985B6AF8707}
	EndProjectSection
EndProject
Project("{8BC9CEB8-8B4A-11D0-8D11-00A0C91BC942}") = "JoyShockLibrary", "JoyShockLibrary\JoyShockLibrary.vcxproj", "{351D813F-B7B3-3784-B26C-C795E56F8972}"
	ProjectSection(ProjectDependencies) = postProject
		{DE20D62A-D643-3536-8E59-D61B9FB8DCD8} = {DE20D62A-D643-3536-8E59-D61B9FB8DCD8}
		{71C52096-3C8A-31CB-A252-6985B6AF8707} = {71C52096-3C8A-31CB-A252-6985B6AF8707}
	EndProjectSection
EndProject
Project("{8BC9CEB8-8B4A-11D0-8D11-00A0C91BC942}") = "ZERO_CHECK", "ZERO_CHECK.vcxproj", "{DE20D62A-D643-3536-8E59-D61B9FB8DCD8}"
EndProject
Project("{8BC9CEB8-8B4A-11D0-8D11-00A0C91BC942}") = "hidapi", "hidapi.vcxproj", "{71C52096-3C8A-31CB-A252-6985B6AF8707}"
	ProjectSection(ProjectDependencies) = postProject
		{DE20D62A-D643-3536-8E59-D61B9FB8DCD8} = {DE20D62A-D643-3536-8E59-D61B9FB8DCD8}
	EndProjectSection
EndProject
Project("{FAE04EC0-301F-11D3-BF4B-00C04F79EFBC}") = "JoyShockLibrarySharp", "JoyShockLibrarySharp\JoyShockLibrarySharp.csproj", "{FE0214A6-7EA5-724D-3489-9373120AC128}"
EndProject
Global
	GlobalSection(SolutionConfigurationPlatforms) = preSolution
		Debug|Any CPU = Debug|Any CPU
		Debug|x64 = Debug|x64
		MinSizeRel|Any CPU = MinSizeRel|Any CPU
		MinSizeRel|x64 = MinSizeRel|x64
		Release|Any CPU = Release|Any CPU
		Release|x64 = Release|x64
		RelWithDebInfo|Any CPU = RelWithDebInfo|Any CPU
		RelWithDebInfo|x64 = RelWithDebInfo|x64
	EndGlobalSection
	GlobalSection(ProjectConfigurationPlatforms) = postSolution
		{D9F7599D-085A-3371-AAB5-A0AC24311B44}.Debug|Any CPU.ActiveCfg = Debug|x64
		{D9F7599D-085A-3371-AAB5-A0AC24311B44}.Debug|Any CPU.Build.0 = Debug|x64
		{D9F7599D-085A-3371-AAB5-A0AC24311B44}.Debug|x64.ActiveCfg = Debug|x64
		{D9F7599D-085A-3371-AAB5-A0AC24311B44}.MinSizeRel|Any CPU.ActiveCfg = MinSizeRel|x64
		{D9F7599D-085A-3371-AAB5-A0AC24311B44}.MinSizeRel|Any CPU.Build.0 = MinSizeRel|x64
		{D9F7599D-085A-3371-AAB5-A0AC24311B44}.MinSizeRel|x64.ActiveCfg = MinSizeRel|x64
		{D9F7599D-085A-3371-AAB5-A0AC24311B44}.Release|Any CPU.ActiveCfg = Release|x64
		{D9F7599D-085A-3371-AAB5-A0AC24311B44}.Release|Any CPU.Build.0 = Release|x64
		{D9F7599D-085A-3371-AAB5-A0AC24311B44}.Release|x64.ActiveCfg = Release|x64
		{D9F7599D-085A-3371-AAB5-A0AC24311B44}.RelWithDebInfo|Any CPU.ActiveCfg = RelWithDebInfo|x64
		{D9F7599D-085A-3371-AAB5-A0AC24311B44}.RelWithDebInfo|Any CPU.Build.0 = RelWithDebInfo|x64
		{D9F7599D-085A-3371-AAB5-A0AC24311B44}.RelWithDebInfo|x64.ActiveCfg = RelWithDebInfo|x64
		{351D813F-B7B3-3784-B26C-C795E56F8972}.Debug|Any CPU.ActiveCfg = Debug|x64
		{351D813F-B7B3-3784-B26C-C795E56F8972}.Debug|Any CPU.Build.0 = Debug|x64
		{351D813F-B7B3-3784-B26C-C795E56F8972}.Debug|x64.ActiveCfg = Debug|x64
		{351D813F-B7B3-3784-B26C-C795E56F8972}.Debug|x64.Build.0 = Debug|x64
		{351D813F-B7B3-3784-B26C-C795E56F8972}.MinSizeRel|Any CPU.ActiveCfg = MinSizeRel|x64
		{351D813F-B7B3-3784-B26C-C795E56F8972}.MinSizeRel|Any CPU.Build.0 = MinSizeRel|x64
		{351D813F-B7B3-3784-B26C-C795E56F8972}.MinSizeRel|x64.ActiveCfg = MinSizeRel|x64
		{351D813F-B7B3-3784-B26C-C795E56F8972}.MinSizeRel|x64.Build.0 = MinSizeRel|x64
		{351D813F-B7B3-3784-B26C-C795E56F8972}.Release|Any CPU.ActiveCfg = Release|x64
		{351D813F-B7B3-3784-B26C-C795E56F8972}.Release|Any CPU.Build.0 = Release|x64
		{351D813F-B7B3-3784-B26C-C795E56F8972}.Release|x64.ActiveCfg = Release|x64
		{351D813F-B7B3-3784-B26C-C795E56F8972}.Release|x64.Build.0 = Release|x64
		{351D813F-B7B3-3784-B26C-C795E56F8972}.RelWithDebInfo|Any CPU.ActiveCfg = RelWithDebInfo|x64
		{351D813F-B7B3-3784-B26C-C795E56F8972}.RelWithDebInfo|Any CPU.Build.0 = RelWithDebInfo|x64
		{351D813F-B7B3-3784-B26C-C795E56F8972}.RelWithDebInfo|x64.ActiveCfg = RelWithDebInfo|x64
		{351D813F-B7B3-3784-B26C-C795E56F8972}.RelWithDebInfo|x64.Build.0 = RelWithDebInfo|x64
		{DE20D62A-D643-3536-8E59-D61B9FB8DCD8}.Debug|Any CPU.ActiveCfg = Debug|x64
		{DE20D62A-D643-3536-8E59-D61B9FB8DCD8}.Debug|Any CPU.Build.0 = Debug|x64
		{DE20D62A-D643-3536-8E59-D61B9FB8DCD8}.Debug|x64.ActiveCfg = Debug|x64
		{DE20D62A-D643-3536-8E59-D61B9FB8DCD8}.Debug|x64.Build.0 = Debug|x64
		{DE20D62A-D643-3536-8E59-D61B9FB8DCD8}.MinSizeRel|Any CPU.ActiveCfg = MinSizeRel|x64
		{DE20D62A-D643-3536-8E59-D61B9FB8DCD8}.MinSizeRel|Any CPU.Build.0 = MinSizeRel|x64
		{DE20D62A-D643-3536-8E59-D61B9FB8DCD8}.MinSizeRel|x64.ActiveCfg = MinSizeRel|x64
		{DE20D62A-D643-3536-8E59-D61B9FB8DCD8}.MinSizeRel|x64.Build.0 = MinSizeRel|x64
		{DE20D62A-D643-3536-8E59-D61B9FB8DCD8}.Release|Any CPU.ActiveCfg = Release|x64
		{DE20D62A-D643-3536-8E59-D61B9FB8DCD8}.Release|Any CPU.Build.0 = Release|x64
		{DE20D62A-D643-3536-8E59-D61B9FB8DCD8}.Release|x64.ActiveCfg = Release|x64
		{DE20D62A-D643-3536-8E59-D61B9FB8DCD8}.Release|x64.Build.0 = Release|x64
		{DE20D62A-D643-3536-8E59-D61B9FB8DCD8}.RelWithDebInfo|Any CPU.ActiveCfg = RelWithDebInfo|x64
		{DE20D62A-D643-3536-8E59-D61B9FB8DCD8}.RelWithDebInfo|Any CPU.Build.0 = RelWithDebInfo|x64
		{DE20D62A-D643-3536-8E59-D61B9FB8DCD8}.RelWithDebInfo|x64.ActiveCfg = RelWithDebInfo|x64
		{DE20D62A-D643-3536-8E59-D61B9FB8DCD8}.RelWithDebInfo|x64.Build.0 = RelWithDebInfo|x64
		{71C52096-3C8A-31CB-A252-6985B6AF8707}.Debug|Any CPU.ActiveCfg = Debug|x64
		{71C52096-3C8A-31CB-A252-6985B6AF8707}.Debug|Any CPU.Build.0 = Debug|x64
		{71C52096-3C8A-31CB-A252-6985B6AF8707}.Debug|x64.ActiveCfg = Debug|x64
		{71C52096-3C8A-31CB-A252-6985B6AF8707}.Debug|x64.Build.0 = Debug|x64
		{71C52096-3C8A-31CB-A252-6985B6AF8707}.MinSizeRel|Any CPU.ActiveCfg = MinSizeRel|x64
		{71C52096-3C8A-31CB-A252-6985B6AF8707}.MinSizeRel|Any CPU.Build.0 = MinSizeRel|x64
		{71C52096-3C8A-31CB-A252-6985B6AF8707}.MinSizeRel|x64.ActiveCfg = MinSizeRel|x64
		{71C52096-3C8A-31CB-A252-6985B6AF8707}.MinSizeRel|x64.Build.0 = MinSizeRel|x64
		{71C52096-3C8A-31CB-A252-6985B6AF8707}.Release|Any CPU.ActiveCfg = Release|x64
		{71C52096-3C8A-31CB-A252-6985B6AF8707}.Release|Any CPU.Build.0 = Release|x64
		{71C52096-3C8A-31CB-A252-6985B6AF8707}.Release|x64.ActiveCfg = Release|x64
		{71C52096-3C8A-31CB-A252-6985B6AF8707}.Release|x64.Build.0 = Release|x64
		{71C52096-3C8A-31CB-A252-6985B6AF8707}.RelWithDebInfo|Any CPU.ActiveCfg = RelWithDebInfo|x64
		{71C52096-3C8A-31CB-A252-6985B6AF8707}.RelWithDebInfo|Any CPU.Build.0 = RelWithDebInfo|x64
		{71C52096-3C8A-31CB-A252-6985B6AF8707}.RelWithDebInfo|x64.ActiveCfg = RelWithDebInfo|x64
		{71C52096-3C8A-31CB-A252-6985B6AF8707}.RelWithDebInfo|x64.Build.0 = RelWithDebInfo|x64
		{FE0214A6-7EA5-724D-3489-9373120AC128}.Debug|Any CPU.ActiveCfg = Debug|Any CPU
		{FE0214A6-7EA5-724D-3489-9373120AC128}.Debug|Any CPU.Build.0 = Debug|Any CPU
		{FE0214A6-7EA5-724D-3489-9373120AC128}.Debug|x64.ActiveCfg = Debug|Any CPU
		{FE0214A6-7EA5-724D-3489-9373120AC128}.Debug|x64.Build.0 = Debug|Any CPU
		{FE0214A6-7EA5-724D-3489-9373120AC128}.MinSizeRel|Any CPU.ActiveCfg = Release|Any CPU
		{FE0214A6-7EA5-724D-3489-9373120AC128}.MinSizeRel|Any CPU.Build.0 = Release|Any CPU
		{FE0214A6-7EA5-724D-3489-9373120AC128}.MinSizeRel|x64.ActiveCfg = Release|Any CPU
		{FE0214A6-7EA5-724D-3489-9373120AC128}.MinSizeRel|x64.Build.0 = Release|Any CPU
		{FE0214A6-7EA5-724D-3489-9373120AC128}.Release|Any CPU.ActiveCfg = Release|Any CPU
		{FE0214A6-7EA5-724D-3489-9373120AC128}.Release|Any CPU.Build.0 = Release|Any CPU
		{FE0214A6-7EA5-724D-3489-9373120AC128}.Release|x64.ActiveCfg = Release|Any CPU
		{FE0214A6-7EA5-724D-3489-9373120AC128}.Release|x64.Build.0 = Release|Any CPU
		{FE0214A6-7EA5-724D-3489-9373120AC128}.RelWithDebInfo|Any CPU.ActiveCfg = Debug|Any CPU
		{FE0214A6-7EA5-724D-3489-9373120AC128}.RelWithDebInfo|Any CPU.Build.0 = Debug|Any CPU
		{FE0214A6-7EA5-724D-3489-9373120AC128}.RelWithDebInfo|x64.ActiveCfg = Debug|Any CPU
		{FE0214A6-7EA5-724D-3489-9373120AC128}.RelWithDebInfo|x64.Build.0 = Debug|Any CPU
	EndGlobalSection
	GlobalSection(SolutionProperties) = preSolution
		HideSolutionNode = FALSE
	EndGlobalSection
	GlobalSection(NestedProjects) = preSolution
		{D9F7599D-085A-3371-AAB5-A0AC24311B44} = {5E72AD1C-FF67-360E-860E-723A71F342AB}
		{DE20D62A-D643-3536-8E59-D61B9FB8DCD8} = {5E72AD1C-FF67-360E-860E-723A71F342AB}
	EndGlobalSection
	GlobalSection(ExtensibilityGlobals) = postSolution
		SolutionGuid = {B9A92D5F-76D1-3CA9-9157-C97472B4663E}
	EndGlobalSection
EndGlobal
