<?xml version="1.0" encoding="utf-8"?>
<Project ToolsVersion="17.0" xmlns="http://schemas.microsoft.com/developer/msbuild/2003">
  <ItemGroup>
    <CustomBuild Include="L:\eriks\Source\VisualStudio\Repos\JoyShockLibrary\CMakeFiles\8e1deab518f5c18f44c94131642bc26c\generate.stamp.rule">
      <Filter>CMake Rules</Filter>
    </CustomBuild>
  </ItemGroup>
  <ItemGroup>
    <Filter Include="CMake Rules">
      <UniqueIdentifier>{8325C168-7194-34F3-9E85-3CDF85718CB1}</UniqueIdentifier>
    </Filter>
  </ItemGroup>
</Project>
